
Microsoft Visual Studio Solution File, Format Version 12.00
# Visual Studio Version 17
VisualStudioVersion = 17.5.33530.505
MinimumVisualStudioVersion = 10.0.40219.1
Project("{9A19103F-16F7-4668-BE54-9A1E7A4F7556}") = "Insightify.NewsAPI", "Insightify.NewsAPI\Insightify.NewsAPI.csproj", "{4C04D0C8-906E-40A3-BC41-412E918D38DF}"
EndProject
Project("{9A19103F-16F7-4668-BE54-9A1E7A4F7556}") = "Insightify.NewsAPI.UnitTests", "..\..\..\tests\Insightify.NewsAPI.UnitTests\Insightify.NewsAPI.UnitTests\Insightify.NewsAPI.UnitTests.csproj", "{F1401A16-8EA3-417B-ADE0-465A95DACACA}"
EndProject
Global
	GlobalSection(SolutionConfigurationPlatforms) = preSolution
		Debug|Any CPU = Debug|Any CPU
		Release|Any CPU = Release|Any CPU
	EndGlobalSection
	GlobalSection(ProjectConfigurationPlatforms) = postSolution
		{4C04D0C8-906E-40A3-BC41-412E918D38DF}.Debug|Any CPU.ActiveCfg = Debug|Any CPU
		{4C04D0C8-906E-40A3-BC41-412E918D38DF}.Debug|Any CPU.Build.0 = Debug|Any CPU
		{4C04D0C8-906E-40A3-BC41-412E918D38DF}.Release|Any CPU.ActiveCfg = Release|Any CPU
		{4C04D0C8-906E-40A3-BC41-412E918D38DF}.Release|Any CPU.Build.0 = Release|Any CPU
		{F1401A16-8EA3-417B-ADE0-465A95DACACA}.Debug|Any CPU.ActiveCfg = Debug|Any CPU
		{F1401A16-8EA3-417B-ADE0-465A95DACACA}.Debug|Any CPU.Build.0 = Debug|Any CPU
		{F1401A16-8EA3-417B-ADE0-465A95DACACA}.Release|Any CPU.ActiveCfg = Release|Any CPU
		{F1401A16-8EA3-417B-ADE0-465A95DACACA}.Release|Any CPU.Build.0 = Release|Any CPU
	EndGlobalSection
	GlobalSection(SolutionProperties) = preSolution
		HideSolutionNode = FALSE
	EndGlobalSection
	GlobalSection(ExtensibilityGlobals) = postSolution
		SolutionGuid = {A4503F90-83E6-4586-9BF3-55CBC77F61C5}
	EndGlobalSection
EndGlobal
