
Microsoft Visual Studio Solution File, Format Version 12.00
# Visual Studio Version 17
VisualStudioVersion = 17.6.33815.320
MinimumVisualStudioVersion = 10.0.40219.1
Project("{FAE04EC0-301F-11D3-BF4B-00C04F79EFBC}") = "Insightify.Web.Gateway", "Insightify.Web.Gateway\Insightify.Web.Gateway.csproj", "{1A57090B-C96A-4E12-BBCB-037020C4A10F}"
EndProject
Global
	GlobalSection(SolutionConfigurationPlatforms) = preSolution
		Debug|Any CPU = Debug|Any CPU
		Release|Any CPU = Release|Any CPU
	EndGlobalSection
	GlobalSection(ProjectConfigurationPlatforms) = postSolution
		{1A57090B-C96A-4E12-BBCB-037020C4A10F}.Debug|Any CPU.ActiveCfg = Debug|Any CPU
		{1A57090B-C96A-4E12-BBCB-037020C4A10F}.Debug|Any CPU.Build.0 = Debug|Any CPU
		{1A57090B-C96A-4E12-BBCB-037020C4A10F}.Release|Any CPU.ActiveCfg = Release|Any CPU
		{1A57090B-C96A-4E12-BBCB-037020C4A10F}.Release|Any CPU.Build.0 = Release|Any CPU
	EndGlobalSection
	GlobalSection(SolutionProperties) = preSolution
		HideSolutionNode = FALSE
	EndGlobalSection
	GlobalSection(ExtensibilityGlobals) = postSolution
		SolutionGuid = {28A75097-8006-494C-BA73-4E457F3A8A7E}
	EndGlobalSection
EndGlobal
