
Microsoft Visual Studio Solution File, Format Version 12.00
# Visual Studio Version 17
VisualStudioVersion = 17.5.33530.505
MinimumVisualStudioVersion = 10.0.40219.1
Project("{9A19103F-16F7-4668-BE54-9A1E7A4F7556}") = "Insightify.Friendships", "Insightify.Friendship\Insightify.Friendships.csproj", "{05A23467-588D-4090-8732-BB3FEA987B21}"
EndProject
Global
	GlobalSection(SolutionConfigurationPlatforms) = preSolution
		Debug|Any CPU = Debug|Any CPU
		Release|Any CPU = Release|Any CPU
	EndGlobalSection
	GlobalSection(ProjectConfigurationPlatforms) = postSolution
		{05A23467-588D-4090-8732-BB3FEA987B21}.Debug|Any CPU.ActiveCfg = Debug|Any CPU
		{05A23467-588D-4090-8732-BB3FEA987B21}.Debug|Any CPU.Build.0 = Debug|Any CPU
		{05A23467-588D-4090-8732-BB3FEA987B21}.Release|Any CPU.ActiveCfg = Release|Any CPU
		{05A23467-588D-4090-8732-BB3FEA987B21}.Release|Any CPU.Build.0 = Release|Any CPU
	EndGlobalSection
	GlobalSection(SolutionProperties) = preSolution
		HideSolutionNode = FALSE
	EndGlobalSection
	GlobalSection(ExtensibilityGlobals) = postSolution
		SolutionGuid = {FE1495D8-1DCB-4AF9-B637-9F65A3BF06EB}
	EndGlobalSection
EndGlobal
