
Microsoft Visual Studio Solution File, Format Version 12.00
# Visual Studio Version 17
VisualStudioVersion = 17.6.33815.320
MinimumVisualStudioVersion = 10.0.40219.1
Project("{9A19103F-16F7-4668-BE54-9A1E7A4F7556}") = "Insightify.SPA", "Insightify.SPA\Insightify.SPA.csproj", "{BD437297-7C3D-4EB5-984D-14DB97C466B4}"
EndProject
Global
	GlobalSection(SolutionConfigurationPlatforms) = preSolution
		Debug|Any CPU = Debug|Any CPU
		Release|Any CPU = Release|Any CPU
	EndGlobalSection
	GlobalSection(ProjectConfigurationPlatforms) = postSolution
		{BD437297-7C3D-4EB5-984D-14DB97C466B4}.Debug|Any CPU.ActiveCfg = Debug|Any CPU
		{BD437297-7C3D-4EB5-984D-14DB97C466B4}.Debug|Any CPU.Build.0 = Debug|Any CPU
		{BD437297-7C3D-4EB5-984D-14DB97C466B4}.Release|Any CPU.ActiveCfg = Release|Any CPU
		{BD437297-7C3D-4EB5-984D-14DB97C466B4}.Release|Any CPU.Build.0 = Release|Any CPU
	EndGlobalSection
	GlobalSection(SolutionProperties) = preSolution
		HideSolutionNode = FALSE
	EndGlobalSection
	GlobalSection(ExtensibilityGlobals) = postSolution
		SolutionGuid = {B497C0BF-BE5B-4131-B1C2-95140F0CE3D6}
	EndGlobalSection
EndGlobal
