
Microsoft Visual Studio Solution File, Format Version 12.00
# Visual Studio Version 17
VisualStudioVersion = 17.7.34202.233
MinimumVisualStudioVersion = 10.0.40219.1
Project("{FAE04EC0-301F-11D3-BF4B-00C04F79EFBC}") = "Insightify.NewsAPI.UnitTests", "Insightify.NewsAPI.UnitTests\Insightify.NewsAPI.UnitTests.csproj", "{3EC523E0-A92E-4864-9D40-57217BEE8787}"
EndProject
Global
	GlobalSection(SolutionConfigurationPlatforms) = preSolution
		Debug|Any CPU = Debug|Any CPU
		Release|Any CPU = Release|Any CPU
	EndGlobalSection
	GlobalSection(ProjectConfigurationPlatforms) = postSolution
		{3EC523E0-A92E-4864-9D40-57217BEE8787}.Debug|Any CPU.ActiveCfg = Debug|Any CPU
		{3EC523E0-A92E-4864-9D40-57217BEE8787}.Debug|Any CPU.Build.0 = Debug|Any CPU
		{3EC523E0-A92E-4864-9D40-57217BEE8787}.Release|Any CPU.ActiveCfg = Release|Any CPU
		{3EC523E0-A92E-4864-9D40-57217BEE8787}.Release|Any CPU.Build.0 = Release|Any CPU
	EndGlobalSection
	GlobalSection(SolutionProperties) = preSolution
		HideSolutionNode = FALSE
	EndGlobalSection
	GlobalSection(ExtensibilityGlobals) = postSolution
		SolutionGuid = {8A3788BF-9895-4BE4-B57F-4B6089FF3F26}
	EndGlobalSection
EndGlobal
