
Microsoft Visual Studio Solution File, Format Version 12.00
# Visual Studio Version 17
VisualStudioVersion = 17.5.33530.505
MinimumVisualStudioVersion = 10.0.40219.1
Project("{9A19103F-16F7-4668-BE54-9A1E7A4F7556}") = "Insightify.NotificationsAPI", "Insightify.Notifications\Insightify.NotificationsAPI.csproj", "{F286F769-83BF-4CD8-9DBC-0927F7D8C7B3}"
EndProject
Global
	GlobalSection(SolutionConfigurationPlatforms) = preSolution
		Debug|Any CPU = Debug|Any CPU
		Release|Any CPU = Release|Any CPU
	EndGlobalSection
	GlobalSection(ProjectConfigurationPlatforms) = postSolution
		{F286F769-83BF-4CD8-9DBC-0927F7D8C7B3}.Debug|Any CPU.ActiveCfg = Debug|Any CPU
		{F286F769-83BF-4CD8-9DBC-0927F7D8C7B3}.Debug|Any CPU.Build.0 = Debug|Any CPU
		{F286F769-83BF-4CD8-9DBC-0927F7D8C7B3}.Release|Any CPU.ActiveCfg = Release|Any CPU
		{F286F769-83BF-4CD8-9DBC-0927F7D8C7B3}.Release|Any CPU.Build.0 = Release|Any CPU
	EndGlobalSection
	GlobalSection(SolutionProperties) = preSolution
		HideSolutionNode = FALSE
	EndGlobalSection
	GlobalSection(ExtensibilityGlobals) = postSolution
		SolutionGuid = {EC9A3B5D-E70F-458B-9738-5378716DDD07}
	EndGlobalSection
EndGlobal
