
Microsoft Visual Studio Solution File, Format Version 12.00
# Visual Studio Version 17
VisualStudioVersion = 17.6.33815.320
MinimumVisualStudioVersion = 10.0.40219.1
Project("{FAE04EC0-301F-11D3-BF4B-00C04F79EFBC}") = "Insightify.SPA", "Insightify.SPA\Insightify.SPA.csproj", "{A3FB3609-A6CD-4D29-95FC-982359C6D742}"
EndProject
Global
	GlobalSection(SolutionConfigurationPlatforms) = preSolution
		Debug|Any CPU = Debug|Any CPU
		Release|Any CPU = Release|Any CPU
	EndGlobalSection
	GlobalSection(ProjectConfigurationPlatforms) = postSolution
		{A3FB3609-A6CD-4D29-95FC-982359C6D742}.Debug|Any CPU.ActiveCfg = Debug|Any CPU
		{A3FB3609-A6CD-4D29-95FC-982359C6D742}.Debug|Any CPU.Build.0 = Debug|Any CPU
		{A3FB3609-A6CD-4D29-95FC-982359C6D742}.Release|Any CPU.ActiveCfg = Release|Any CPU
		{A3FB3609-A6CD-4D29-95FC-982359C6D742}.Release|Any CPU.Build.0 = Release|Any CPU
	EndGlobalSection
	GlobalSection(SolutionProperties) = preSolution
		HideSolutionNode = FALSE
	EndGlobalSection
	GlobalSection(ExtensibilityGlobals) = postSolution
		SolutionGuid = {83660068-1952-4194-8B8C-16B73F08DE9E}
	EndGlobalSection
EndGlobal
